
Microsoft Visual Studio Solution File, Format Version 12.00
# Visual Studio Version 17
VisualStudioVersion = 17.6.33829.357
MinimumVisualStudioVersion = 10.0.40219.1
Project("{888888A0-9F3D-457C-B088-3A5042F75D52}") = "Gcode_modifiers", "Gcode_modifiers.pyproj", "{9CADAFD5-9FD8-4B33-A21D-80D77388FB4B}"
EndProject
Global
	GlobalSection(SolutionConfigurationPlatforms) = preSolution
		Debug|Any CPU = Debug|Any CPU
		Release|Any CPU = Release|Any CPU
	EndGlobalSection
	GlobalSection(ProjectConfigurationPlatforms) = postSolution
		{9CADAFD5-9FD8-4B33-A21D-80D77388FB4B}.Debug|Any CPU.ActiveCfg = Debug|Any CPU
		{9CADAFD5-9FD8-4B33-A21D-80D77388FB4B}.Release|Any CPU.ActiveCfg = Release|Any CPU
	EndGlobalSection
	GlobalSection(SolutionProperties) = preSolution
		HideSolutionNode = FALSE
	EndGlobalSection
	GlobalSection(ExtensibilityGlobals) = postSolution
		SolutionGuid = {3EBF71A7-C7AC-49AF-B9EB-5EBB8CEE6623}
	EndGlobalSection
EndGlobal
